// !$*UTF8*$!
{
	archiveVersion = 1;
	classes = {
	};
	objectVersion = 46;
	objects = {

/* Begin PBXBuildFile section */
		9437BEBC1CC024AB005AAF07 /* AppDelegate.swift in Sources */ = {isa = PBXBuildFile; fileRef = 9437BEBB1CC024AB005AAF07 /* AppDelegate.swift */; };
		9437BEC11CC024AB005AAF07 /* Main.storyboard in Resources */ = {isa = PBXBuildFile; fileRef = 9437BEBF1CC024AB005AAF07 /* Main.storyboard */; };
		9437BEC41CC024AB005AAF07 /* One_Day_at_a_Time_Planner.xcdatamodeld in Sources */ = {isa = PBXBuildFile; fileRef = 9437BEC21CC024AB005AAF07 /* One_Day_at_a_Time_Planner.xcdatamodeld */; };
		9437BEC61CC024AB005AAF07 /* Assets.xcassets in Resources */ = {isa = PBXBuildFile; fileRef = 9437BEC51CC024AB005AAF07 /* Assets.xcassets */; };
		9437BEC91CC024AB005AAF07 /* LaunchScreen.storyboard in Resources */ = {isa = PBXBuildFile; fileRef = 9437BEC71CC024AB005AAF07 /* LaunchScreen.storyboard */; };
		9437BED41CC025BF005AAF07 /* TimeSelectionTVController.swift in Sources */ = {isa = PBXBuildFile; fileRef = 9437BED31CC025BF005AAF07 /* TimeSelectionTVController.swift */; };
		9437BED61CC026D4005AAF07 /* TimeSelectionTVCell.swift in Sources */ = {isa = PBXBuildFile; fileRef = 9437BED51CC026D4005AAF07 /* TimeSelectionTVCell.swift */; };
		9437BED81CC09DCC005AAF07 /* TaskBuilderViewController.swift in Sources */ = {isa = PBXBuildFile; fileRef = 9437BED71CC09DCC005AAF07 /* TaskBuilderViewController.swift */; };
/* End PBXBuildFile section */

/* Begin PBXFileReference section */
		9437BEB81CC024AB005AAF07 /* One Day at a Time Planner.app */ = {isa = PBXFileReference; explicitFileType = wrapper.application; includeInIndex = 0; path = "One Day at a Time Planner.app"; sourceTree = BUILT_PRODUCTS_DIR; };
		9437BEBB1CC024AB005AAF07 /* AppDelegate.swift */ = {isa = PBXFileReference; lastKnownFileType = sourcecode.swift; path = AppDelegate.swift; sourceTree = "<group>"; };
		9437BEC01CC024AB005AAF07 /* Base */ = {isa = PBXFileReference; lastKnownFileType = file.storyboard; name = Base; path = Base.lproj/Main.storyboard; sourceTree = "<group>"; };
		9437BEC31CC024AB005AAF07 /* One_Day_at_a_Time_Planner.xcdatamodel */ = {isa = PBXFileReference; lastKnownFileType = wrapper.xcdatamodel; path = One_Day_at_a_Time_Planner.xcdatamodel; sourceTree = "<group>"; };
		9437BEC51CC024AB005AAF07 /* Assets.xcassets */ = {isa = PBXFileReference; lastKnownFileType = folder.assetcatalog; path = Assets.xcassets; sourceTree = "<group>"; };
		9437BEC81CC024AB005AAF07 /* Base */ = {isa = PBXFileReference; lastKnownFileType = file.storyboard; name = Base; path = Base.lproj/LaunchScreen.storyboard; sourceTree = "<group>"; };
		9437BECA1CC024AB005AAF07 /* Info.plist */ = {isa = PBXFileReference; lastKnownFileType = text.plist.xml; path = Info.plist; sourceTree = "<group>"; };
		9437BED31CC025BF005AAF07 /* TimeSelectionTVController.swift */ = {isa = PBXFileReference; fileEncoding = 4; lastKnownFileType = sourcecode.swift; name = TimeSelectionTVController.swift; path = ../TimeSelectionTVController.swift; sourceTree = "<group>"; };
		9437BED51CC026D4005AAF07 /* TimeSelectionTVCell.swift */ = {isa = PBXFileReference; fileEncoding = 4; lastKnownFileType = sourcecode.swift; path = TimeSelectionTVCell.swift; sourceTree = "<group>"; };
		9437BED71CC09DCC005AAF07 /* TaskBuilderViewController.swift */ = {isa = PBXFileReference; fileEncoding = 4; lastKnownFileType = sourcecode.swift; path = TaskBuilderViewController.swift; sourceTree = "<group>"; };
		D1109DD0935702262289E61C /* Pods_One_Day_at_a_Time_Planner.framework */ = {isa = PBXFileReference; explicitFileType = wrapper.framework; includeInIndex = 0; path = Pods_One_Day_at_a_Time_Planner.framework; sourceTree = BUILT_PRODUCTS_DIR; };
/* End PBXFileReference section */

/* Begin PBXFrameworksBuildPhase section */
		9437BEB51CC024AA005AAF07 /* Frameworks */ = {
			isa = PBXFrameworksBuildPhase;
			buildActionMask = 2147483647;
			files = (
			);
			runOnlyForDeploymentPostprocessing = 0;
		};
/* End PBXFrameworksBuildPhase section */

/* Begin PBXGroup section */
		9437BEAF1CC024AA005AAF07 = {
			isa = PBXGroup;
			children = (
				9437BEBA1CC024AB005AAF07 /* One Day at a Time Planner */,
				9437BEB91CC024AB005AAF07 /* Products */,
				F14BCD8991F9E74394E1C4B5 /* Frameworks */,
			);
			sourceTree = "<group>";
		};
		9437BEB91CC024AB005AAF07 /* Products */ = {
			isa = PBXGroup;
			children = (
				9437BEB81CC024AB005AAF07 /* One Day at a Time Planner.app */,
			);
			name = Products;
			sourceTree = "<group>";
		};
		9437BEBA1CC024AB005AAF07 /* One Day at a Time Planner */ = {
			isa = PBXGroup;
			children = (
				9437BED31CC025BF005AAF07 /* TimeSelectionTVController.swift */,
				9437BED71CC09DCC005AAF07 /* TaskBuilderViewController.swift */,
				9437BED51CC026D4005AAF07 /* TimeSelectionTVCell.swift */,
				9437BEBF1CC024AB005AAF07 /* Main.storyboard */,
				9437BED01CC024C0005AAF07 /* Miscellaneous */,
			);
			path = "One Day at a Time Planner";
			sourceTree = "<group>";
		};
		9437BED01CC024C0005AAF07 /* Miscellaneous */ = {
			isa = PBXGroup;
			children = (
				9437BEC21CC024AB005AAF07 /* One_Day_at_a_Time_Planner.xcdatamodeld */,
				9437BECA1CC024AB005AAF07 /* Info.plist */,
				9437BEC71CC024AB005AAF07 /* LaunchScreen.storyboard */,
				9437BEC51CC024AB005AAF07 /* Assets.xcassets */,
				9437BEBB1CC024AB005AAF07 /* AppDelegate.swift */,
			);
			name = Miscellaneous;
			sourceTree = "<group>";
		};
		F14BCD8991F9E74394E1C4B5 /* Frameworks */ = {
			isa = PBXGroup;
			children = (
				D1109DD0935702262289E61C /* Pods_One_Day_at_a_Time_Planner.framework */,
			);
			name = Frameworks;
			sourceTree = "<group>";
		};
/* End PBXGroup section */

/* Begin PBXNativeTarget section */
		9437BEB71CC024AA005AAF07 /* One Day at a Time Planner */ = {
			isa = PBXNativeTarget;
			buildConfigurationList = 9437BECD1CC024AB005AAF07 /* Build configuration list for PBXNativeTarget "One Day at a Time Planner" */;
			buildPhases = (
				9437BEB41CC024AA005AAF07 /* Sources */,
				9437BEB51CC024AA005AAF07 /* Frameworks */,
				9437BEB61CC024AA005AAF07 /* Resources */,
			);
			buildRules = (
			);
			dependencies = (
			);
			name = "One Day at a Time Planner";
			productName = "One Day at a Time Planner";
			productReference = 9437BEB81CC024AB005AAF07 /* One Day at a Time Planner.app */;
			productType = "com.apple.product-type.application";
		};
/* End PBXNativeTarget section */

/* Begin PBXProject section */
		9437BEB01CC024AA005AAF07 /* Project object */ = {
			isa = PBXProject;
			attributes = {
				LastSwiftUpdateCheck = 0720;
				LastUpgradeCheck = 0720;
				ORGANIZATIONNAME = flysaiah;
				TargetAttributes = {
					9437BEB71CC024AA005AAF07 = {
						CreatedOnToolsVersion = 7.2.1;
						DevelopmentTeam = RHT27Y2YUR;
					};
				};
			};
			buildConfigurationList = 9437BEB31CC024AA005AAF07 /* Build configuration list for PBXProject "One Day at a Time Planner" */;
			compatibilityVersion = "Xcode 3.2";
			developmentRegion = English;
			hasScannedForEncodings = 0;
			knownRegions = (
				en,
				Base,
			);
			mainGroup = 9437BEAF1CC024AA005AAF07;
			productRefGroup = 9437BEB91CC024AB005AAF07 /* Products */;
			projectDirPath = "";
			projectRoot = "";
			targets = (
				9437BEB71CC024AA005AAF07 /* One Day at a Time Planner */,
			);
		};
/* End PBXProject section */

/* Begin PBXResourcesBuildPhase section */
		9437BEB61CC024AA005AAF07 /* Resources */ = {
			isa = PBXResourcesBuildPhase;
			buildActionMask = 2147483647;
			files = (
				9437BEC91CC024AB005AAF07 /* LaunchScreen.storyboard in Resources */,
				9437BEC61CC024AB005AAF07 /* Assets.xcassets in Resources */,
				9437BEC11CC024AB005AAF07 /* Main.storyboard in Resources */,
			);
			runOnlyForDeploymentPostprocessing = 0;
		};
/* End PBXResourcesBuildPhase section */

/* Begin PBXSourcesBuildPhase section */
		9437BEB41CC024AA005AAF07 /* Sources */ = {
			isa = PBXSourcesBuildPhase;
			buildActionMask = 2147483647;
			files = (
				9437BEBC1CC024AB005AAF07 /* AppDelegate.swift in Sources */,
				9437BEC41CC024AB005AAF07 /* One_Day_at_a_Time_Planner.xcdatamodeld in Sources */,
				9437BED81CC09DCC005AAF07 /* TaskBuilderViewController.swift in Sources */,
				9437BED41CC025BF005AAF07 /* TimeSelectionTVController.swift in Sources */,
				9437BED61CC026D4005AAF07 /* TimeSelectionTVCell.swift in Sources */,
			);
			runOnlyForDeploymentPostprocessing = 0;
		};
/* End PBXSourcesBuildPhase section */

/* Begin PBXVariantGroup section */
		9437BEBF1CC024AB005AAF07 /* Main.storyboard */ = {
			isa = PBXVariantGroup;
			children = (
				9437BEC01CC024AB005AAF07 /* Base */,
			);
			name = Main.storyboard;
			sourceTree = "<group>";
		};
		9437BEC71CC024AB005AAF07 /* LaunchScreen.storyboard */ = {
			isa = PBXVariantGroup;
			children = (
				9437BEC81CC024AB005AAF07 /* Base */,
			);
			name = LaunchScreen.storyboard;
			sourceTree = "<group>";
		};
/* End PBXVariantGroup section */

/* Begin XCBuildConfiguration section */
		9437BECB1CC024AB005AAF07 /* Debug */ = {
			isa = XCBuildConfiguration;
			buildSettings = {
				ALWAYS_SEARCH_USER_PATHS = NO;
				CLANG_CXX_LANGUAGE_STANDARD = "gnu++0x";
				CLANG_CXX_LIBRARY = "libc++";
				CLANG_ENABLE_MODULES = YES;
				CLANG_ENABLE_OBJC_ARC = YES;
				CLANG_WARN_BOOL_CONVERSION = YES;
				CLANG_WARN_CONSTANT_CONVERSION = YES;
				CLANG_WARN_DIRECT_OBJC_ISA_USAGE = YES_ERROR;
				CLANG_WARN_EMPTY_BODY = YES;
				CLANG_WARN_ENUM_CONVERSION = YES;
				CLANG_WARN_INT_CONVERSION = YES;
				CLANG_WARN_OBJC_ROOT_CLASS = YES_ERROR;
				CLANG_WARN_UNREACHABLE_CODE = YES;
				CLANG_WARN__DUPLICATE_METHOD_MATCH = YES;
				"CODE_SIGN_IDENTITY[sdk=iphoneos*]" = "iPhone Developer";
				COPY_PHASE_STRIP = NO;
				DEBUG_INFORMATION_FORMAT = dwarf;
				ENABLE_STRICT_OBJC_MSGSEND = YES;
				ENABLE_TESTABILITY = YES;
				GCC_C_LANGUAGE_STANDARD = gnu99;
				GCC_DYNAMIC_NO_PIC = NO;
				GCC_NO_COMMON_BLOCKS = YES;
				GCC_OPTIMIZATION_LEVEL = 0;
				GCC_PREPROCESSOR_DEFINITIONS = (
					"DEBUG=1",
					"$(inherited)",
				);
				GCC_WARN_64_TO_32_BIT_CONVERSION = YES;
				GCC_WARN_ABOUT_RETURN_TYPE = YES_ERROR;
				GCC_WARN_UNDECLARED_SELECTOR = YES;
				GCC_WARN_UNINITIALIZED_AUTOS = YES_AGGRESSIVE;
				GCC_WARN_UNUSED_FUNCTION = YES;
				GCC_WARN_UNUSED_VARIABLE = YES;
				IPHONEOS_DEPLOYMENT_TARGET = 9.2;
				MTL_ENABLE_DEBUG_INFO = YES;
				ONLY_ACTIVE_ARCH = YES;
				SDKROOT = iphoneos;
				SWIFT_OPTIMIZATION_LEVEL = "-Onone";
				TARGETED_DEVICE_FAMILY = "1,2";
			};
			name = Debug;
		};
		9437BECC1CC024AB005AAF07 /* Release */ = {
			isa = XCBuildConfiguration;
			buildSettings = {
				ALWAYS_SEARCH_USER_PATHS = NO;
				CLANG_CXX_LANGUAGE_STANDARD = "gnu++0x";
				CLANG_CXX_LIBRARY = "libc++";
				CLANG_ENABLE_MODULES = YES;
				CLANG_ENABLE_OBJC_ARC = YES;
				CLANG_WARN_BOOL_CONVERSION = YES;
				CLANG_WARN_CONSTANT_CONVERSION = YES;
				CLANG_WARN_DIRECT_OBJC_ISA_USAGE = YES_ERROR;
				CLANG_WARN_EMPTY_BODY = YES;
				CLANG_WARN_ENUM_CONVERSION = YES;
				CLANG_WARN_INT_CONVERSION = YES;
				CLANG_WARN_OBJC_ROOT_CLASS = YES_ERROR;
				CLANG_WARN_UNREACHABLE_CODE = YES;
				CLANG_WARN__DUPLICATE_METHOD_MATCH = YES;
				"CODE_SIGN_IDENTITY[sdk=iphoneos*]" = "iPhone Developer";
				COPY_PHASE_STRIP = NO;
				DEBUG_INFORMATION_FORMAT = "dwarf-with-dsym";
				ENABLE_NS_ASSERTIONS = NO;
				ENABLE_STRICT_OBJC_MSGSEND = YES;
				GCC_C_LANGUAGE_STANDARD = gnu99;
				GCC_NO_COMMON_BLOCKS = YES;
				GCC_WARN_64_TO_32_BIT_CONVERSION = YES;
				GCC_WARN_ABOUT_RETURN_TYPE = YES_ERROR;
				GCC_WARN_UNDECLARED_SELECTOR = YES;
				GCC_WARN_UNINITIALIZED_AUTOS = YES_AGGRESSIVE;
				GCC_WARN_UNUSED_FUNCTION = YES;
				GCC_WARN_UNUSED_VARIABLE = YES;
				IPHONEOS_DEPLOYMENT_TARGET = 9.2;
				MTL_ENABLE_DEBUG_INFO = NO;
				SDKROOT = iphoneos;
				TARGETED_DEVICE_FAMILY = "1,2";
				VALIDATE_PRODUCT = YES;
			};
			name = Release;
		};
		9437BECE1CC024AB005AAF07 /* Debug */ = {
			isa = XCBuildConfiguration;
			buildSettings = {
				ASSETCATALOG_COMPILER_APPICON_NAME = AppIcon;
				INFOPLIST_FILE = "One Day at a Time Planner/Info.plist";
				LD_RUNPATH_SEARCH_PATHS = "$(inherited) @executable_path/Frameworks";
				PRODUCT_BUNDLE_IDENTIFIER = "com.flysaiah.One-Day-at-a-Time-Planner";
				PRODUCT_NAME = "$(TARGET_NAME)";
			};
			name = Debug;
		};
		9437BECF1CC024AB005AAF07 /* Release */ = {
			isa = XCBuildConfiguration;
			buildSettings = {
				ASSETCATALOG_COMPILER_APPICON_NAME = AppIcon;
				INFOPLIST_FILE = "One Day at a Time Planner/Info.plist";
				LD_RUNPATH_SEARCH_PATHS = "$(inherited) @executable_path/Frameworks";
				PRODUCT_BUNDLE_IDENTIFIER = "com.flysaiah.One-Day-at-a-Time-Planner";
				PRODUCT_NAME = "$(TARGET_NAME)";
			};
			name = Release;
		};
/* End XCBuildConfiguration section */

/* Begin XCConfigurationList section */
		9437BEB31CC024AA005AAF07 /* Build configuration list for PBXProject "One Day at a Time Planner" */ = {
			isa = XCConfigurationList;
			buildConfigurations = (
				9437BECB1CC024AB005AAF07 /* Debug */,
				9437BECC1CC024AB005AAF07 /* Release */,
			);
			defaultConfigurationIsVisible = 0;
			defaultConfigurationName = Release;
		};
		9437BECD1CC024AB005AAF07 /* Build configuration list for PBXNativeTarget "One Day at a Time Planner" */ = {
			isa = XCConfigurationList;
			buildConfigurations = (
				9437BECE1CC024AB005AAF07 /* Debug */,
				9437BECF1CC024AB005AAF07 /* Release */,
			);
			defaultConfigurationIsVisible = 0;
			defaultConfigurationName = Release;
		};
/* End XCConfigurationList section */

/* Begin XCVersionGroup section */
		9437BEC21CC024AB005AAF07 /* One_Day_at_a_Time_Planner.xcdatamodeld */ = {
			isa = XCVersionGroup;
			children = (
				9437BEC31CC024AB005AAF07 /* One_Day_at_a_Time_Planner.xcdatamodel */,
			);
			currentVersion = 9437BEC31CC024AB005AAF07 /* One_Day_at_a_Time_Planner.xcdatamodel */;
			path = One_Day_at_a_Time_Planner.xcdatamodeld;
			sourceTree = "<group>";
			versionGroupType = wrapper.xcdatamodel;
		};
/* End XCVersionGroup section */
	};
	rootObject = 9437BEB01CC024AA005AAF07 /* Project object */;
}
